
Microsoft Visual Studio Solution File, Format Version 12.00
# Visual Studio Version 16
VisualStudioVersion = 16.0.31112.23
MinimumVisualStudioVersion = 10.0.40219.1
Project("{FAE04EC0-301F-11D3-BF4B-00C04F79EFBC}") = "DotNetFrameworkProject", "DotNetFrameworkProject\DotNetFrameworkProject.csproj", "{02EEEDE0-8FB4-49E9-85AE-3555F545C6F5}"
EndProject
Global
	GlobalSection(SolutionConfigurationPlatforms) = preSolution
		Debug|Any CPU = Debug|Any CPU
		Release|Any CPU = Release|Any CPU
	EndGlobalSection
	GlobalSection(ProjectConfigurationPlatforms) = postSolution
		{02EEEDE0-8FB4-49E9-85AE-3555F545C6F5}.Debug|Any CPU.ActiveCfg = Debug|Any CPU
		{02EEEDE0-8FB4-49E9-85AE-3555F545C6F5}.Debug|Any CPU.Build.0 = Debug|Any CPU
		{02EEEDE0-8FB4-49E9-85AE-3555F545C6F5}.Release|Any CPU.ActiveCfg = Release|Any CPU
		{02EEEDE0-8FB4-49E9-85AE-3555F545C6F5}.Release|Any CPU.Build.0 = Release|Any CPU
	EndGlobalSection
	GlobalSection(SolutionProperties) = preSolution
		HideSolutionNode = FALSE
	EndGlobalSection
	GlobalSection(ExtensibilityGlobals) = postSolution
		SolutionGuid = {81A93C22-E467-4898-ABE7-3F275B170C58}
	EndGlobalSection
EndGlobal
